
Microsoft Visual Studio Solution File, Format Version 12.00
# Visual Studio 2012
Project("{FAE04EC0-301F-11D3-BF4B-00C04F79EFBC}") = "College_MiniProj", "WorkoutPlan_MiniProj\College_MiniProj.csproj", "{1B43D034-A07C-4554-A708-545B4DF8BD9F}"
EndProject
Global
	GlobalSection(SolutionConfigurationPlatforms) = preSolution
		Debug|Any CPU = Debug|Any CPU
		Release|Any CPU = Release|Any CPU
	EndGlobalSection
	GlobalSection(ProjectConfigurationPlatforms) = postSolution
		{1B43D034-A07C-4554-A708-545B4DF8BD9F}.Debug|Any CPU.ActiveCfg = Debug|Any CPU
		{1B43D034-A07C-4554-A708-545B4DF8BD9F}.Debug|Any CPU.Build.0 = Debug|Any CPU
		{1B43D034-A07C-4554-A708-545B4DF8BD9F}.Release|Any CPU.ActiveCfg = Release|Any CPU
		{1B43D034-A07C-4554-A708-545B4DF8BD9F}.Release|Any CPU.Build.0 = Release|Any CPU
	EndGlobalSection
	GlobalSection(SolutionProperties) = preSolution
		HideSolutionNode = FALSE
	EndGlobalSection
EndGlobal
